
Microsoft Visual Studio Solution File, Format Version 12.00
# Visual Studio Version 17
VisualStudioVersion = 17.7.34031.279
MinimumVisualStudioVersion = 10.0.40219.1
Project("{FAE04EC0-301F-11D3-BF4B-00C04F79EFBC}") = "test1", "test1.csproj", "{DDEB83AB-CF7B-47E1-965B-67302B9B9519}"
EndProject
Global
	GlobalSection(SolutionConfigurationPlatforms) = preSolution
		Debug|Any CPU = Debug|Any CPU
		Release|Any CPU = Release|Any CPU
	EndGlobalSection
	GlobalSection(ProjectConfigurationPlatforms) = postSolution
		{DDEB83AB-CF7B-47E1-965B-67302B9B9519}.Debug|Any CPU.ActiveCfg = Debug|Any CPU
		{DDEB83AB-CF7B-47E1-965B-67302B9B9519}.Debug|Any CPU.Build.0 = Debug|Any CPU
		{DDEB83AB-CF7B-47E1-965B-67302B9B9519}.Release|Any CPU.ActiveCfg = Release|Any CPU
		{DDEB83AB-CF7B-47E1-965B-67302B9B9519}.Release|Any CPU.Build.0 = Release|Any CPU
	EndGlobalSection
	GlobalSection(SolutionProperties) = preSolution
		HideSolutionNode = FALSE
	EndGlobalSection
	GlobalSection(ExtensibilityGlobals) = postSolution
		SolutionGuid = {226D5F5D-0168-4DD5-BBDE-4BA958F1B87E}
	EndGlobalSection
EndGlobal
